
Microsoft Visual Studio Solution File, Format Version 12.00
# Visual Studio Version 17
VisualStudioVersion = 17.9.34723.18
MinimumVisualStudioVersion = 10.0.40219.1
Project("{FAE04EC0-301F-11D3-BF4B-00C04F79EFBC}") = "IEEE754-NumberConverter", "IEEE754-NumberConverter.csproj", "{CAE0F138-8E6A-4C5A-9A76-7DCFDDC28B89}"
EndProject
Global
	GlobalSection(SolutionConfigurationPlatforms) = preSolution
		Debug|Any CPU = Debug|Any CPU
		Release|Any CPU = Release|Any CPU
	EndGlobalSection
	GlobalSection(ProjectConfigurationPlatforms) = postSolution
		{CAE0F138-8E6A-4C5A-9A76-7DCFDDC28B89}.Debug|Any CPU.ActiveCfg = Debug|Any CPU
		{CAE0F138-8E6A-4C5A-9A76-7DCFDDC28B89}.Debug|Any CPU.Build.0 = Debug|Any CPU
		{CAE0F138-8E6A-4C5A-9A76-7DCFDDC28B89}.Release|Any CPU.ActiveCfg = Release|Any CPU
		{CAE0F138-8E6A-4C5A-9A76-7DCFDDC28B89}.Release|Any CPU.Build.0 = Release|Any CPU
	EndGlobalSection
	GlobalSection(SolutionProperties) = preSolution
		HideSolutionNode = FALSE
	EndGlobalSection
	GlobalSection(ExtensibilityGlobals) = postSolution
		SolutionGuid = {5A36D60B-DD7F-4B00-99E5-31FA31B0980B}
	EndGlobalSection
EndGlobal
